Microsoft Visual Studio Solution File, Format Version 9.00
# Visual Studio 2005
Project("{FAE04EC0-301F-11D3-BF4B-00C04F79EFBC}") = "AsfCreate", "AsfCreate.csproj", "{83476C19-1690-480C-B328-04E5AFEB06CB}"
EndProject
Global
	GlobalSection(SolutionConfigurationPlatforms) = preSolution
		Debug|Any CPU = Debug|Any CPU
		Release|Any CPU = Release|Any CPU
	EndGlobalSection
	GlobalSection(ProjectConfigurationPlatforms) = postSolution
		{83476C19-1690-480C-B328-04E5AFEB06CB}.Debug|Any CPU.ActiveCfg = Debug|Any CPU
		{83476C19-1690-480C-B328-04E5AFEB06CB}.Debug|Any CPU.Build.0 = Debug|Any CPU
		{83476C19-1690-480C-B328-04E5AFEB06CB}.Release|Any CPU.ActiveCfg = Release|Any CPU
		{83476C19-1690-480C-B328-04E5AFEB06CB}.Release|Any CPU.Build.0 = Release|Any CPU
	EndGlobalSection
	GlobalSection(SolutionProperties) = preSolution
		HideSolutionNode = FALSE
	EndGlobalSection
EndGlobal
